
Microsoft Visual Studio Solution File, Format Version 12.00
# Visual Studio Version 16
VisualStudioVersion = 16.0.29728.190
MinimumVisualStudioVersion = 10.0.40219.1
Project("{FAE04EC0-301F-11D3-BF4B-00C04F79EFBC}") = "Technical_Lab_Test_CallRate", "Technical_Lab_Test_CallRate.csproj", "{40DEB7FF-2E8A-4D34-80FB-E759938C7764}"
EndProject
Global
	GlobalSection(SolutionConfigurationPlatforms) = preSolution
		Debug|Any CPU = Debug|Any CPU
		Release|Any CPU = Release|Any CPU
	EndGlobalSection
	GlobalSection(ProjectConfigurationPlatforms) = postSolution
		{40DEB7FF-2E8A-4D34-80FB-E759938C7764}.Debug|Any CPU.ActiveCfg = Debug|Any CPU
		{40DEB7FF-2E8A-4D34-80FB-E759938C7764}.Debug|Any CPU.Build.0 = Debug|Any CPU
		{40DEB7FF-2E8A-4D34-80FB-E759938C7764}.Release|Any CPU.ActiveCfg = Release|Any CPU
		{40DEB7FF-2E8A-4D34-80FB-E759938C7764}.Release|Any CPU.Build.0 = Release|Any CPU
	EndGlobalSection
	GlobalSection(SolutionProperties) = preSolution
		HideSolutionNode = FALSE
	EndGlobalSection
	GlobalSection(ExtensibilityGlobals) = postSolution
		SolutionGuid = {E9F720CE-496E-48C2-BF6A-51BA7EA93CA8}
	EndGlobalSection
EndGlobal
